
Microsoft Visual Studio Solution File, Format Version 12.00
# Visual Studio Version 17
VisualStudioVersion = 17.6.33829.357
MinimumVisualStudioVersion = 10.0.40219.1
Project("{9A19103F-16F7-4668-BE54-9A1E7A4F7556}") = "SentinelCoverage", "SentinelCoverage\SentinelCoverage.csproj", "{70DAE000-C8B3-45AA-AEBA-A01581F6A16E}"
EndProject
Global
	GlobalSection(SolutionConfigurationPlatforms) = preSolution
		Debug|Any CPU = Debug|Any CPU
		Debug|x64 = Debug|x64
		EasyTest|Any CPU = EasyTest|Any CPU
		EasyTest|x64 = EasyTest|x64
		Release|Any CPU = Release|Any CPU
		Release|x64 = Release|x64
	EndGlobalSection
	GlobalSection(ProjectConfigurationPlatforms) = postSolution
		{70DAE000-C8B3-45AA-AEBA-A01581F6A16E}.Debug|Any CPU.ActiveCfg = Debug|Any CPU
		{70DAE000-C8B3-45AA-AEBA-A01581F6A16E}.Debug|Any CPU.Build.0 = Debug|Any CPU
		{70DAE000-C8B3-45AA-AEBA-A01581F6A16E}.Debug|x64.ActiveCfg = Debug|x64
		{70DAE000-C8B3-45AA-AEBA-A01581F6A16E}.Debug|x64.Build.0 = Debug|x64
		{70DAE000-C8B3-45AA-AEBA-A01581F6A16E}.EasyTest|Any CPU.ActiveCfg = Debug|Any CPU
		{70DAE000-C8B3-45AA-AEBA-A01581F6A16E}.EasyTest|Any CPU.Build.0 = Debug|Any CPU
		{70DAE000-C8B3-45AA-AEBA-A01581F6A16E}.EasyTest|x64.ActiveCfg = Debug|x64
		{70DAE000-C8B3-45AA-AEBA-A01581F6A16E}.EasyTest|x64.Build.0 = Debug|x64
		{70DAE000-C8B3-45AA-AEBA-A01581F6A16E}.Release|Any CPU.ActiveCfg = Release|Any CPU
		{70DAE000-C8B3-45AA-AEBA-A01581F6A16E}.Release|Any CPU.Build.0 = Release|Any CPU
		{70DAE000-C8B3-45AA-AEBA-A01581F6A16E}.Release|x64.ActiveCfg = Release|x64
		{70DAE000-C8B3-45AA-AEBA-A01581F6A16E}.Release|x64.Build.0 = Release|x64
	EndGlobalSection
	GlobalSection(SolutionProperties) = preSolution
		HideSolutionNode = FALSE
	EndGlobalSection
	GlobalSection(ExtensibilityGlobals) = postSolution
		SolutionGuid = {8A20C660-D81A-4872-BA3D-C44550DA7869}
	EndGlobalSection
EndGlobal
